schema: '2.0'
stages:
  prepare:
    cmd: python Lab3/create_features.py
    deps:
    - path: Lab3/create_features.py
      hash: md5
      md5: 9bc2d251c8ef604c2ae7446965e82d9d
      size: 2589
    - path: Lab3/data/adult.data
      hash: md5
      md5: 5d7c39d7b8804f071cdd1f2a7c460872
      size: 3974305
    - path: Lab3/data/adult.test
      hash: md5
      md5: 366c746021dc50ad9d933d2817612fc9
      size: 2003132
    params:
      params.yaml:
        features.chi2percentile: 50
        features.test_path: Lab3/data/adult.test
        features.train_path: Lab3/data/adult.data
    outs:
    - path: Lab3/data/pipeline.pkl
      hash: md5
      md5: 2ff2f4415c961f1b4220d6b141e5f6f1
      size: 6072
    - path: Lab3/data/processed_test_data.csv
      hash: md5
      md5: a59c8daac38fe1ca84dda2b458ee762a
      size: 5409602
    - path: Lab3/data/processed_train_data.csv
      hash: md5
      md5: adf63b6ce20f7ee74f63d5dabb325226
      size: 10829967
